
Microsoft Visual Studio Solution File, Format Version 12.00
# Visual Studio 15
Project("{FAE04EC0-301F-11D3-BF4B-00C04F79EFBC}") = "Assembly-CSharp", "Assembly-CSharp.csproj", "{60D434DF-E311-19D7-71F8-857A3DC08178}"
EndProject
Project("{FAE04EC0-301F-11D3-BF4B-00C04F79EFBC}") = "Assembly-CSharp-Editor", "Assembly-CSharp-Editor.csproj", "{DEEF3318-F3FF-B069-009C-D7133A43D25B}"
EndProject
Global
	GlobalSection(SolutionConfigurationPlatforms) = preSolution
		Debug|Any CPU = Debug|Any CPU
		Release|Any CPU = Release|Any CPU
	EndGlobalSection
	GlobalSection(ProjectConfigurationPlatforms) = postSolution
		{60D434DF-E311-19D7-71F8-857A3DC08178}.Debug|Any CPU.ActiveCfg = Debug|Any CPU
		{60D434DF-E311-19D7-71F8-857A3DC08178}.Debug|Any CPU.Build.0 = Debug|Any CPU
		{60D434DF-E311-19D7-71F8-857A3DC08178}.Release|Any CPU.ActiveCfg = Release|Any CPU
		{60D434DF-E311-19D7-71F8-857A3DC08178}.Release|Any CPU.Build.0 = Release|Any CPU
		{DEEF3318-F3FF-B069-009C-D7133A43D25B}.Debug|Any CPU.ActiveCfg = Debug|Any CPU
		{DEEF3318-F3FF-B069-009C-D7133A43D25B}.Debug|Any CPU.Build.0 = Debug|Any CPU
		{DEEF3318-F3FF-B069-009C-D7133A43D25B}.Release|Any CPU.ActiveCfg = Release|Any CPU
		{DEEF3318-F3FF-B069-009C-D7133A43D25B}.Release|Any CPU.Build.0 = Release|Any CPU
	EndGlobalSection
	GlobalSection(SolutionProperties) = preSolution
		HideSolutionNode = FALSE
	EndGlobalSection
EndGlobal
